
Microsoft Visual Studio Solution File, Format Version 12.00
# Visual Studio Version 17
VisualStudioVersion = 17.12.35527.113
MinimumVisualStudioVersion = 10.0.40219.1
Project("{FAE04EC0-301F-11D3-BF4B-00C04F79EFBC}") = "Backend", "Backend\Backend.csproj", "{EBB64141-1489-466E-839B-3B82AE8B9A28}"
EndProject
Project("{FAE04EC0-301F-11D3-BF4B-00C04F79EFBC}") = "Models", "Models\Models.csproj", "{F73B1D88-1CA0-4623-A05F-4A9537375FDD}"
EndProject
Project("{FAE04EC0-301F-11D3-BF4B-00C04F79EFBC}") = "Frontend", "..\..\ArchProgProj\Frontend\Frontend.csproj", "{CA3A55C7-5045-4B81-8975-51E041DB3DD4}"
EndProject
Global
	GlobalSection(SolutionConfigurationPlatforms) = preSolution
		Debug|Any CPU = Debug|Any CPU
		Release|Any CPU = Release|Any CPU
	EndGlobalSection
	GlobalSection(ProjectConfigurationPlatforms) = postSolution
		{EBB64141-1489-466E-839B-3B82AE8B9A28}.Debug|Any CPU.ActiveCfg = Debug|Any CPU
		{EBB64141-1489-466E-839B-3B82AE8B9A28}.Debug|Any CPU.Build.0 = Debug|Any CPU
		{EBB64141-1489-466E-839B-3B82AE8B9A28}.Release|Any CPU.ActiveCfg = Release|Any CPU
		{EBB64141-1489-466E-839B-3B82AE8B9A28}.Release|Any CPU.Build.0 = Release|Any CPU
		{F73B1D88-1CA0-4623-A05F-4A9537375FDD}.Debug|Any CPU.ActiveCfg = Debug|Any CPU
		{F73B1D88-1CA0-4623-A05F-4A9537375FDD}.Debug|Any CPU.Build.0 = Debug|Any CPU
		{F73B1D88-1CA0-4623-A05F-4A9537375FDD}.Release|Any CPU.ActiveCfg = Release|Any CPU
		{F73B1D88-1CA0-4623-A05F-4A9537375FDD}.Release|Any CPU.Build.0 = Release|Any CPU
		{CA3A55C7-5045-4B81-8975-51E041DB3DD4}.Debug|Any CPU.ActiveCfg = Debug|Any CPU
		{CA3A55C7-5045-4B81-8975-51E041DB3DD4}.Debug|Any CPU.Build.0 = Debug|Any CPU
		{CA3A55C7-5045-4B81-8975-51E041DB3DD4}.Release|Any CPU.ActiveCfg = Release|Any CPU
		{CA3A55C7-5045-4B81-8975-51E041DB3DD4}.Release|Any CPU.Build.0 = Release|Any CPU
	EndGlobalSection
	GlobalSection(SolutionProperties) = preSolution
		HideSolutionNode = FALSE
	EndGlobalSection
EndGlobal
